
Microsoft Visual Studio Solution File, Format Version 12.00
# Visual Studio Version 17
VisualStudioVersion = 17.10.34928.147
MinimumVisualStudioVersion = 10.0.40219.1
Project("{9A19103F-16F7-4668-BE54-9A1E7A4F7556}") = "api", "api\api.csproj", "{9780CEFD-7F61-40EE-8EFE-87D235A416CD}"
EndProject
Project("{FAE04EC0-301F-11D3-BF4B-00C04F79EFBC}") = "data-access", "data-access\data-access.csproj", "{9D09CB82-319E-4509-9B82-00E2AD8189E8}"
EndProject
Project("{FAE04EC0-301F-11D3-BF4B-00C04F79EFBC}") = "business", "business\business.csproj", "{B1A3098C-79EC-46FF-9E1D-61328D22600C}"
EndProject
Project("{FAE04EC0-301F-11D3-BF4B-00C04F79EFBC}") = "core", "core\core.csproj", "{821F4BEE-DCBD-4AD5-8DFF-694EDC3E80A0}"
EndProject
Global
	GlobalSection(SolutionConfigurationPlatforms) = preSolution
		Debug|Any CPU = Debug|Any CPU
		Release|Any CPU = Release|Any CPU
	EndGlobalSection
	GlobalSection(ProjectConfigurationPlatforms) = postSolution
		{9780CEFD-7F61-40EE-8EFE-87D235A416CD}.Debug|Any CPU.ActiveCfg = Debug|Any CPU
		{9780CEFD-7F61-40EE-8EFE-87D235A416CD}.Debug|Any CPU.Build.0 = Debug|Any CPU
		{9780CEFD-7F61-40EE-8EFE-87D235A416CD}.Release|Any CPU.ActiveCfg = Release|Any CPU
		{9780CEFD-7F61-40EE-8EFE-87D235A416CD}.Release|Any CPU.Build.0 = Release|Any CPU
		{9D09CB82-319E-4509-9B82-00E2AD8189E8}.Debug|Any CPU.ActiveCfg = Debug|Any CPU
		{9D09CB82-319E-4509-9B82-00E2AD8189E8}.Debug|Any CPU.Build.0 = Debug|Any CPU
		{9D09CB82-319E-4509-9B82-00E2AD8189E8}.Release|Any CPU.ActiveCfg = Release|Any CPU
		{9D09CB82-319E-4509-9B82-00E2AD8189E8}.Release|Any CPU.Build.0 = Release|Any CPU
		{B1A3098C-79EC-46FF-9E1D-61328D22600C}.Debug|Any CPU.ActiveCfg = Debug|Any CPU
		{B1A3098C-79EC-46FF-9E1D-61328D22600C}.Debug|Any CPU.Build.0 = Debug|Any CPU
		{B1A3098C-79EC-46FF-9E1D-61328D22600C}.Release|Any CPU.ActiveCfg = Release|Any CPU
		{B1A3098C-79EC-46FF-9E1D-61328D22600C}.Release|Any CPU.Build.0 = Release|Any CPU
		{821F4BEE-DCBD-4AD5-8DFF-694EDC3E80A0}.Debug|Any CPU.ActiveCfg = Debug|Any CPU
		{821F4BEE-DCBD-4AD5-8DFF-694EDC3E80A0}.Debug|Any CPU.Build.0 = Debug|Any CPU
		{821F4BEE-DCBD-4AD5-8DFF-694EDC3E80A0}.Release|Any CPU.ActiveCfg = Release|Any CPU
		{821F4BEE-DCBD-4AD5-8DFF-694EDC3E80A0}.Release|Any CPU.Build.0 = Release|Any CPU
	EndGlobalSection
	GlobalSection(SolutionProperties) = preSolution
		HideSolutionNode = FALSE
	EndGlobalSection
	GlobalSection(ExtensibilityGlobals) = postSolution
		SolutionGuid = {F86D2E0D-1B92-4BDD-BAE8-7999ADCBDF83}
	EndGlobalSection
EndGlobal
